
Microsoft Visual Studio Solution File, Format Version 12.00
# Visual Studio 2012
Project("{FAE04EC0-301F-11D3-BF4B-00C04F79EFBC}") = "Convicts For A Cause", "Convicts For A Cause\Convicts For A Cause.csproj", "{356FBCA6-B310-4EE1-A5FB-80A63A2EB7ED}"
EndProject
Project("{CC5FD16D-436D-48AD-A40C-5A424C6E3E79}") = "WindowsAzureProject1", "WindowsAzureProject1\WindowsAzureProject1.ccproj", "{758DDD42-0A68-48BA-A358-A31AF79CA975}"
EndProject
Project("{FAE04EC0-301F-11D3-BF4B-00C04F79EFBC}") = "ContentTypeHttpModule", "Convicts For A Cause\ContentTypeHttpModule\ContentTypeHttpModule.csproj", "{0C40E6A2-62FF-4CA1-98A8-83241F410C6A}"
EndProject
Project("{FAE04EC0-301F-11D3-BF4B-00C04F79EFBC}") = "Leaderboard", "WorkerRole1\Leaderboard.csproj", "{C0605F1B-511A-4CA8-9660-1CAB28D8EECF}"
EndProject
Project("{2150E333-8FDC-42A3-9474-1A3956D46DE8}") = ".nuget", ".nuget", "{41D3B510-8FBC-41AD-AF1D-E9A43B20D301}"
	ProjectSection(SolutionItems) = preProject
		.nuget\packages.config = .nuget\packages.config
	EndProjectSection
EndProject
Global
	GlobalSection(SolutionConfigurationPlatforms) = preSolution
		Debug|Any CPU = Debug|Any CPU
		Release|Any CPU = Release|Any CPU
	EndGlobalSection
	GlobalSection(ProjectConfigurationPlatforms) = postSolution
		{356FBCA6-B310-4EE1-A5FB-80A63A2EB7ED}.Debug|Any CPU.ActiveCfg = Debug|Any CPU
		{356FBCA6-B310-4EE1-A5FB-80A63A2EB7ED}.Debug|Any CPU.Build.0 = Debug|Any CPU
		{356FBCA6-B310-4EE1-A5FB-80A63A2EB7ED}.Release|Any CPU.ActiveCfg = Release|Any CPU
		{356FBCA6-B310-4EE1-A5FB-80A63A2EB7ED}.Release|Any CPU.Build.0 = Release|Any CPU
		{758DDD42-0A68-48BA-A358-A31AF79CA975}.Debug|Any CPU.ActiveCfg = Debug|Any CPU
		{758DDD42-0A68-48BA-A358-A31AF79CA975}.Debug|Any CPU.Build.0 = Debug|Any CPU
		{758DDD42-0A68-48BA-A358-A31AF79CA975}.Release|Any CPU.ActiveCfg = Release|Any CPU
		{758DDD42-0A68-48BA-A358-A31AF79CA975}.Release|Any CPU.Build.0 = Release|Any CPU
		{0C40E6A2-62FF-4CA1-98A8-83241F410C6A}.Debug|Any CPU.ActiveCfg = Debug|Any CPU
		{0C40E6A2-62FF-4CA1-98A8-83241F410C6A}.Debug|Any CPU.Build.0 = Debug|Any CPU
		{0C40E6A2-62FF-4CA1-98A8-83241F410C6A}.Release|Any CPU.ActiveCfg = Release|Any CPU
		{0C40E6A2-62FF-4CA1-98A8-83241F410C6A}.Release|Any CPU.Build.0 = Release|Any CPU
		{C0605F1B-511A-4CA8-9660-1CAB28D8EECF}.Debug|Any CPU.ActiveCfg = Debug|Any CPU
		{C0605F1B-511A-4CA8-9660-1CAB28D8EECF}.Debug|Any CPU.Build.0 = Debug|Any CPU
		{C0605F1B-511A-4CA8-9660-1CAB28D8EECF}.Release|Any CPU.ActiveCfg = Release|Any CPU
		{C0605F1B-511A-4CA8-9660-1CAB28D8EECF}.Release|Any CPU.Build.0 = Release|Any CPU
	EndGlobalSection
	GlobalSection(SolutionProperties) = preSolution
		HideSolutionNode = FALSE
	EndGlobalSection
EndGlobal
