
Microsoft Visual Studio Solution File, Format Version 12.00
# Visual Studio 2013
VisualStudioVersion = 12.0.21005.1
MinimumVisualStudioVersion = 10.0.40219.1
Project("{2150E333-8FDC-42A3-9474-1A3956D46DE8}") = ".nuget", ".nuget", "{41D3B510-8FBC-41AD-AF1D-E9A43B20D301}"
	ProjectSection(SolutionItems) = preProject
		.nuget\packages.config = .nuget\packages.config
	EndProjectSection
EndProject
Project("{FAE04EC0-301F-11D3-BF4B-00C04F79EFBC}") = "Convicts For A Cause", "Convicts For A Cause\Convicts For A Cause.csproj", "{356FBCA6-B310-4EE1-A5FB-80A63A2EB7ED}"
EndProject
Project("{CC5FD16D-436D-48AD-A40C-5A424C6E3E79}") = "WindowsAzureProject1", "WindowsAzureProject1\WindowsAzureProject1.ccproj", "{758DDD42-0A68-48BA-A358-A31AF79CA975}"
EndProject
Project("{FAE04EC0-301F-11D3-BF4B-00C04F79EFBC}") = "ContentTypeHttpModule", "Convicts For A Cause\ContentTypeHttpModule\ContentTypeHttpModule.csproj", "{0C40E6A2-62FF-4CA1-98A8-83241F410C6A}"
EndProject
Project("{FAE04EC0-301F-11D3-BF4B-00C04F79EFBC}") = "Leaderboard", "WorkerRole1\Leaderboard.csproj", "{C0605F1B-511A-4CA8-9660-1CAB28D8EECF}"
EndProject
Project("{262852C6-CD72-467D-83FE-5EEB1973A190}") = "CFACWebAdmin.App", "CFACWebAdmin\CFACWebAdmin\CFACWebAdmin.App\CFACWebAdmin.App.jsproj", "{81BCFAFF-9963-44CB-8386-067E878A389E}"
EndProject
Project("{FAE04EC0-301F-11D3-BF4B-00C04F79EFBC}") = "CFACWebAdmin.Server", "CFACWebAdmin\CFACWebAdmin\CFACWebAdmin.Server\CFACWebAdmin.Server.csproj", "{DB614595-3C2A-42F8-9981-DED5E190C18B}"
EndProject
Project("{8D9C8A9D-5DED-4B64-BF65-B598BA549D93}") = "CFACWebAdmin", "CFACWebAdmin\CFACWebAdmin\CFACWebAdmin.lsxproj", "{4622BC09-E19A-44C0-8B58-E8A5A60C9B86}"
EndProject
Project("{FAE04EC0-301F-11D3-BF4B-00C04F79EFBC}") = "CFACUnitTests", "CFACUnitTests\CFACUnitTests.csproj", "{87A412F7-F319-4403-8BAF-096888AB08E1}"
EndProject
Global
	GlobalSection(SolutionConfigurationPlatforms) = preSolution
		Debug|Any CPU = Debug|Any CPU
		Release|Any CPU = Release|Any CPU
	EndGlobalSection
	GlobalSection(ProjectConfigurationPlatforms) = postSolution
		{356FBCA6-B310-4EE1-A5FB-80A63A2EB7ED}.Debug|Any CPU.ActiveCfg = Debug|Any CPU
		{356FBCA6-B310-4EE1-A5FB-80A63A2EB7ED}.Debug|Any CPU.Build.0 = Debug|Any CPU
		{356FBCA6-B310-4EE1-A5FB-80A63A2EB7ED}.Release|Any CPU.ActiveCfg = Release|Any CPU
		{356FBCA6-B310-4EE1-A5FB-80A63A2EB7ED}.Release|Any CPU.Build.0 = Release|Any CPU
		{758DDD42-0A68-48BA-A358-A31AF79CA975}.Debug|Any CPU.ActiveCfg = Debug|Any CPU
		{758DDD42-0A68-48BA-A358-A31AF79CA975}.Debug|Any CPU.Build.0 = Debug|Any CPU
		{758DDD42-0A68-48BA-A358-A31AF79CA975}.Release|Any CPU.ActiveCfg = Release|Any CPU
		{758DDD42-0A68-48BA-A358-A31AF79CA975}.Release|Any CPU.Build.0 = Release|Any CPU
		{0C40E6A2-62FF-4CA1-98A8-83241F410C6A}.Debug|Any CPU.ActiveCfg = Debug|Any CPU
		{0C40E6A2-62FF-4CA1-98A8-83241F410C6A}.Debug|Any CPU.Build.0 = Debug|Any CPU
		{0C40E6A2-62FF-4CA1-98A8-83241F410C6A}.Release|Any CPU.ActiveCfg = Release|Any CPU
		{0C40E6A2-62FF-4CA1-98A8-83241F410C6A}.Release|Any CPU.Build.0 = Release|Any CPU
		{C0605F1B-511A-4CA8-9660-1CAB28D8EECF}.Debug|Any CPU.ActiveCfg = Debug|Any CPU
		{C0605F1B-511A-4CA8-9660-1CAB28D8EECF}.Debug|Any CPU.Build.0 = Debug|Any CPU
		{C0605F1B-511A-4CA8-9660-1CAB28D8EECF}.Release|Any CPU.ActiveCfg = Release|Any CPU
		{C0605F1B-511A-4CA8-9660-1CAB28D8EECF}.Release|Any CPU.Build.0 = Release|Any CPU
		{81BCFAFF-9963-44CB-8386-067E878A389E}.Debug|Any CPU.ActiveCfg = Debug|Any CPU
		{81BCFAFF-9963-44CB-8386-067E878A389E}.Debug|Any CPU.Build.0 = Debug|Any CPU
		{81BCFAFF-9963-44CB-8386-067E878A389E}.Release|Any CPU.ActiveCfg = Release|Any CPU
		{81BCFAFF-9963-44CB-8386-067E878A389E}.Release|Any CPU.Build.0 = Release|Any CPU
		{DB614595-3C2A-42F8-9981-DED5E190C18B}.Debug|Any CPU.ActiveCfg = Debug|Any CPU
		{DB614595-3C2A-42F8-9981-DED5E190C18B}.Debug|Any CPU.Build.0 = Debug|Any CPU
		{DB614595-3C2A-42F8-9981-DED5E190C18B}.Release|Any CPU.ActiveCfg = Release|Any CPU
		{DB614595-3C2A-42F8-9981-DED5E190C18B}.Release|Any CPU.Build.0 = Release|Any CPU
		{4622BC09-E19A-44C0-8B58-E8A5A60C9B86}.Debug|Any CPU.ActiveCfg = Debug|Any CPU
		{4622BC09-E19A-44C0-8B58-E8A5A60C9B86}.Debug|Any CPU.Build.0 = Debug|Any CPU
		{4622BC09-E19A-44C0-8B58-E8A5A60C9B86}.Release|Any CPU.ActiveCfg = Release|Any CPU
		{4622BC09-E19A-44C0-8B58-E8A5A60C9B86}.Release|Any CPU.Build.0 = Release|Any CPU
		{87A412F7-F319-4403-8BAF-096888AB08E1}.Debug|Any CPU.ActiveCfg = Debug|Any CPU
		{87A412F7-F319-4403-8BAF-096888AB08E1}.Debug|Any CPU.Build.0 = Debug|Any CPU
		{87A412F7-F319-4403-8BAF-096888AB08E1}.Release|Any CPU.ActiveCfg = Release|Any CPU
		{87A412F7-F319-4403-8BAF-096888AB08E1}.Release|Any CPU.Build.0 = Release|Any CPU
	EndGlobalSection
	GlobalSection(SolutionProperties) = preSolution
		HideSolutionNode = FALSE
	EndGlobalSection
EndGlobal
